// !$*UTF8*$!
{
	archiveVersion = 1;
	classes = {
	};
	objectVersion = 50;
	objects = {

/* Begin PBXBuildFile section */
		67064AC622564AE8007BBE0A /* PostLocationRequest.swift in Sources */ = {isa = PBXBuildFile; fileRef = 67064AC522564AE8007BBE0A /* PostLocationRequest.swift */; };
		67064AC82256512A007BBE0A /* UserInformationResponse.swift in Sources */ = {isa = PBXBuildFile; fileRef = 67064AC72256512A007BBE0A /* UserInformationResponse.swift */; };
		672AD13D225710F300F11AC3 /* PostLocationResponse.swift in Sources */ = {isa = PBXBuildFile; fileRef = 672AD13C225710F300F11AC3 /* PostLocationResponse.swift */; };
		67AE2B45225CDBAA008E1D84 /* StudentInformation.swift in Sources */ = {isa = PBXBuildFile; fileRef = 67AE2B44225CDBAA008E1D84 /* StudentInformation.swift */; };
		67B41BA62249F7AB00DDCD76 /* AppDelegate.swift in Sources */ = {isa = PBXBuildFile; fileRef = 67B41BA52249F7AB00DDCD76 /* AppDelegate.swift */; };
		67B41BA82249F7AB00DDCD76 /* LoginViewController.swift in Sources */ = {isa = PBXBuildFile; fileRef = 67B41BA72249F7AB00DDCD76 /* LoginViewController.swift */; };
		67B41BAB2249F7AB00DDCD76 /* Main.storyboard in Resources */ = {isa = PBXBuildFile; fileRef = 67B41BA92249F7AB00DDCD76 /* Main.storyboard */; };
		67B41BAD2249F7AC00DDCD76 /* Assets.xcassets in Resources */ = {isa = PBXBuildFile; fileRef = 67B41BAC2249F7AC00DDCD76 /* Assets.xcassets */; };
		67B41BB02249F7AC00DDCD76 /* LaunchScreen.storyboard in Resources */ = {isa = PBXBuildFile; fileRef = 67B41BAE2249F7AC00DDCD76 /* LaunchScreen.storyboard */; };
		67B41BBB2249F7AC00DDCD76 /* OnTheMapTests.swift in Sources */ = {isa = PBXBuildFile; fileRef = 67B41BBA2249F7AC00DDCD76 /* OnTheMapTests.swift */; };
		67B41BC62249F7AC00DDCD76 /* OnTheMapUITests.swift in Sources */ = {isa = PBXBuildFile; fileRef = 67B41BC52249F7AC00DDCD76 /* OnTheMapUITests.swift */; };
		67B41BDA2249FF4F00DDCD76 /* udacityClient.swift in Sources */ = {isa = PBXBuildFile; fileRef = 67B41BD92249FF4F00DDCD76 /* udacityClient.swift */; };
		67B41BDD224AA5B800DDCD76 /* RequestSession.swift in Sources */ = {isa = PBXBuildFile; fileRef = 67B41BDC224AA5B800DDCD76 /* RequestSession.swift */; };
		67B41BE0224AA82000DDCD76 /* UdacitySessionResponse.swift in Sources */ = {isa = PBXBuildFile; fileRef = 67B41BDF224AA82000DDCD76 /* UdacitySessionResponse.swift */; };
		67F9B2D8224BF48F007939AE /* MapViewController.swift in Sources */ = {isa = PBXBuildFile; fileRef = 67F9B2D7224BF48F007939AE /* MapViewController.swift */; };
		67F9B2DB224BFC9C007939AE /* StudentLocationResponse.swift in Sources */ = {isa = PBXBuildFile; fileRef = 67F9B2DA224BFC9C007939AE /* StudentLocationResponse.swift */; };
		67F9B2DD224C466A007939AE /* StudentTableViewController.swift in Sources */ = {isa = PBXBuildFile; fileRef = 67F9B2DC224C466A007939AE /* StudentTableViewController.swift */; };
		67F9B2DF224C6680007939AE /* AddLocationViewController.swift in Sources */ = {isa = PBXBuildFile; fileRef = 67F9B2DE224C6680007939AE /* AddLocationViewController.swift */; };
		67F9B2E1224C695C007939AE /* AddLocationMapViewController.swift in Sources */ = {isa = PBXBuildFile; fileRef = 67F9B2E0224C695C007939AE /* AddLocationMapViewController.swift */; };
		67F9B2E3224D5A44007939AE /* UIViewControllerExtensions.swift in Sources */ = {isa = PBXBuildFile; fileRef = 67F9B2E2224D5A44007939AE /* UIViewControllerExtensions.swift */; };
		A40113AA4695F137D76A9E04 /* Pods_OnTheMapTests.framework in Frameworks */ = {isa = PBXBuildFile; fileRef = 93182D62E306CE836F23945D /* Pods_OnTheMapTests.framework */; };
		A47C05F70342EB0E4397A644 /* Pods_OnTheMap.framework in Frameworks */ = {isa = PBXBuildFile; fileRef = 449D38CE3F254E560DCA402C /* Pods_OnTheMap.framework */; };
		CB4810B21978F34C5B06128D /* Pods_OnTheMapUITests.framework in Frameworks */ = {isa = PBXBuildFile; fileRef = E18E045AF0A8F337699BB566 /* Pods_OnTheMapUITests.framework */; };
/* End PBXBuildFile section */

/* Begin PBXContainerItemProxy section */
		67B41BB72249F7AC00DDCD76 /* PBXContainerItemProxy */ = {
			isa = PBXContainerItemProxy;
			containerPortal = 67B41B9A2249F7AB00DDCD76 /* Project object */;
			proxyType = 1;
			remoteGlobalIDString = 67B41BA12249F7AB00DDCD76;
			remoteInfo = OnTheMap;
		};
		67B41BC22249F7AC00DDCD76 /* PBXContainerItemProxy */ = {
			isa = PBXContainerItemProxy;
			containerPortal = 67B41B9A2249F7AB00DDCD76 /* Project object */;
			proxyType = 1;
			remoteGlobalIDString = 67B41BA12249F7AB00DDCD76;
			remoteInfo = OnTheMap;
		};
/* End PBXContainerItemProxy section */

/* Begin PBXFileReference section */
		194F7AA087BB495AA07D3DB4 /* Pods-OnTheMapTests.debug.xcconfig */ = {isa = PBXFileReference; includeInIndex = 1; lastKnownFileType = text.xcconfig; name = "Pods-OnTheMapTests.debug.xcconfig"; path = "Target Support Files/Pods-OnTheMapTests/Pods-OnTheMapTests.debug.xcconfig"; sourceTree = "<group>"; };
		231A3EFD52F0794E38FC18EE /* Pods-OnTheMap.debug.xcconfig */ = {isa = PBXFileReference; includeInIndex = 1; lastKnownFileType = text.xcconfig; name = "Pods-OnTheMap.debug.xcconfig"; path = "Target Support Files/Pods-OnTheMap/Pods-OnTheMap.debug.xcconfig"; sourceTree = "<group>"; };
		449D38CE3F254E560DCA402C /* Pods_OnTheMap.framework */ = {isa = PBXFileReference; explicitFileType = wrapper.framework; includeInIndex = 0; path = Pods_OnTheMap.framework; sourceTree = BUILT_PRODUCTS_DIR; };
		61D25E9AA8570BBEC5E85F1E /* Pods-OnTheMap.release.xcconfig */ = {isa = PBXFileReference; includeInIndex = 1; lastKnownFileType = text.xcconfig; name = "Pods-OnTheMap.release.xcconfig"; path = "Target Support Files/Pods-OnTheMap/Pods-OnTheMap.release.xcconfig"; sourceTree = "<group>"; };
		632688CC07DDC9081C45D70C /* Pods-OnTheMapUITests.debug.xcconfig */ = {isa = PBXFileReference; includeInIndex = 1; lastKnownFileType = text.xcconfig; name = "Pods-OnTheMapUITests.debug.xcconfig"; path = "Target Support Files/Pods-OnTheMapUITests/Pods-OnTheMapUITests.debug.xcconfig"; sourceTree = "<group>"; };
		67064AC522564AE8007BBE0A /* PostLocationRequest.swift */ = {isa = PBXFileReference; lastKnownFileType = sourcecode.swift; path = PostLocationRequest.swift; sourceTree = "<group>"; };
		67064AC72256512A007BBE0A /* UserInformationResponse.swift */ = {isa = PBXFileReference; lastKnownFileType = sourcecode.swift; path = UserInformationResponse.swift; sourceTree = "<group>"; };
		672AD13C225710F300F11AC3 /* PostLocationResponse.swift */ = {isa = PBXFileReference; lastKnownFileType = sourcecode.swift; path = PostLocationResponse.swift; sourceTree = "<group>"; };
		67AE2B44225CDBAA008E1D84 /* StudentInformation.swift */ = {isa = PBXFileReference; lastKnownFileType = sourcecode.swift; path = StudentInformation.swift; sourceTree = "<group>"; };
		67B41BA22249F7AB00DDCD76 /* OnTheMap.app */ = {isa = PBXFileReference; explicitFileType = wrapper.application; includeInIndex = 0; path = OnTheMap.app; sourceTree = BUILT_PRODUCTS_DIR; };
		67B41BA52249F7AB00DDCD76 /* AppDelegate.swift */ = {isa = PBXFileReference; lastKnownFileType = sourcecode.swift; path = AppDelegate.swift; sourceTree = "<group>"; };
		67B41BA72249F7AB00DDCD76 /* LoginViewController.swift */ = {isa = PBXFileReference; lastKnownFileType = sourcecode.swift; path = LoginViewController.swift; sourceTree = "<group>"; };
		67B41BAA2249F7AB00DDCD76 /* Base */ = {isa = PBXFileReference; lastKnownFileType = file.storyboard; name = Base; path = Base.lproj/Main.storyboard; sourceTree = "<group>"; };
		67B41BAC2249F7AC00DDCD76 /* Assets.xcassets */ = {isa = PBXFileReference; lastKnownFileType = folder.assetcatalog; path = Assets.xcassets; sourceTree = "<group>"; };
		67B41BAF2249F7AC00DDCD76 /* Base */ = {isa = PBXFileReference; lastKnownFileType = file.storyboard; name = Base; path = Base.lproj/LaunchScreen.storyboard; sourceTree = "<group>"; };
		67B41BB12249F7AC00DDCD76 /* Info.plist */ = {isa = PBXFileReference; lastKnownFileType = text.plist.xml; path = Info.plist; sourceTree = "<group>"; };
		67B41BB62249F7AC00DDCD76 /* OnTheMapTests.xctest */ = {isa = PBXFileReference; explicitFileType = wrapper.cfbundle; includeInIndex = 0; path = OnTheMapTests.xctest; sourceTree = BUILT_PRODUCTS_DIR; };
		67B41BBA2249F7AC00DDCD76 /* OnTheMapTests.swift */ = {isa = PBXFileReference; lastKnownFileType = sourcecode.swift; path = OnTheMapTests.swift; sourceTree = "<group>"; };
		67B41BBC2249F7AC00DDCD76 /* Info.plist */ = {isa = PBXFileReference; lastKnownFileType = text.plist.xml; path = Info.plist; sourceTree = "<group>"; };
		67B41BC12249F7AC00DDCD76 /* OnTheMapUITests.xctest */ = {isa = PBXFileReference; explicitFileType = wrapper.cfbundle; includeInIndex = 0; path = OnTheMapUITests.xctest; sourceTree = BUILT_PRODUCTS_DIR; };
		67B41BC52249F7AC00DDCD76 /* OnTheMapUITests.swift */ = {isa = PBXFileReference; lastKnownFileType = sourcecode.swift; path = OnTheMapUITests.swift; sourceTree = "<group>"; };
		67B41BC72249F7AC00DDCD76 /* Info.plist */ = {isa = PBXFileReference; lastKnownFileType = text.plist.xml; path = Info.plist; sourceTree = "<group>"; };
		67B41BD92249FF4F00DDCD76 /* udacityClient.swift */ = {isa = PBXFileReference; lastKnownFileType = sourcecode.swift; path = udacityClient.swift; sourceTree = "<group>"; };
		67B41BDC224AA5B800DDCD76 /* RequestSession.swift */ = {isa = PBXFileReference; lastKnownFileType = sourcecode.swift; path = RequestSession.swift; sourceTree = "<group>"; };
		67B41BDF224AA82000DDCD76 /* UdacitySessionResponse.swift */ = {isa = PBXFileReference; lastKnownFileType = sourcecode.swift; path = UdacitySessionResponse.swift; sourceTree = "<group>"; };
		67F9B2D7224BF48F007939AE /* MapViewController.swift */ = {isa = PBXFileReference; lastKnownFileType = sourcecode.swift; path = MapViewController.swift; sourceTree = "<group>"; };
		67F9B2DA224BFC9C007939AE /* StudentLocationResponse.swift */ = {isa = PBXFileReference; lastKnownFileType = sourcecode.swift; path = StudentLocationResponse.swift; sourceTree = "<group>"; };
		67F9B2DC224C466A007939AE /* StudentTableViewController.swift */ = {isa = PBXFileReference; lastKnownFileType = sourcecode.swift; path = StudentTableViewController.swift; sourceTree = "<group>"; };
		67F9B2DE224C6680007939AE /* AddLocationViewController.swift */ = {isa = PBXFileReference; lastKnownFileType = sourcecode.swift; path = AddLocationViewController.swift; sourceTree = "<group>"; };
		67F9B2E0224C695C007939AE /* AddLocationMapViewController.swift */ = {isa = PBXFileReference; lastKnownFileType = sourcecode.swift; path = AddLocationMapViewController.swift; sourceTree = "<group>"; };
		67F9B2E2224D5A44007939AE /* UIViewControllerExtensions.swift */ = {isa = PBXFileReference; lastKnownFileType = sourcecode.swift; path = UIViewControllerExtensions.swift; sourceTree = "<group>"; };
		77577CD08B91FF8FB61B4638 /* Pods-OnTheMapTests.release.xcconfig */ = {isa = PBXFileReference; includeInIndex = 1; lastKnownFileType = text.xcconfig; name = "Pods-OnTheMapTests.release.xcconfig"; path = "Target Support Files/Pods-OnTheMapTests/Pods-OnTheMapTests.release.xcconfig"; sourceTree = "<group>"; };
		93182D62E306CE836F23945D /* Pods_OnTheMapTests.framework */ = {isa = PBXFileReference; explicitFileType = wrapper.framework; includeInIndex = 0; path = Pods_OnTheMapTests.framework; sourceTree = BUILT_PRODUCTS_DIR; };
		C1E44BBCC0D3BE3D04A2BA95 /* Pods-OnTheMapUITests.release.xcconfig */ = {isa = PBXFileReference; includeInIndex = 1; lastKnownFileType = text.xcconfig; name = "Pods-OnTheMapUITests.release.xcconfig"; path = "Target Support Files/Pods-OnTheMapUITests/Pods-OnTheMapUITests.release.xcconfig"; sourceTree = "<group>"; };
		E18E045AF0A8F337699BB566 /* Pods_OnTheMapUITests.framework */ = {isa = PBXFileReference; explicitFileType = wrapper.framework; includeInIndex = 0; path = Pods_OnTheMapUITests.framework; sourceTree = BUILT_PRODUCTS_DIR; };
/* End PBXFileReference section */

/* Begin PBXFrameworksBuildPhase section */
		67B41B9F2249F7AB00DDCD76 /* Frameworks */ = {
			isa = PBXFrameworksBuildPhase;
			buildActionMask = 2147483647;
			files = (
				A47C05F70342EB0E4397A644 /* Pods_OnTheMap.framework in Frameworks */,
			);
			runOnlyForDeploymentPostprocessing = 0;
		};
		67B41BB32249F7AC00DDCD76 /* Frameworks */ = {
			isa = PBXFrameworksBuildPhase;
			buildActionMask = 2147483647;
			files = (
				A40113AA4695F137D76A9E04 /* Pods_OnTheMapTests.framework in Frameworks */,
			);
			runOnlyForDeploymentPostprocessing = 0;
		};
		67B41BBE2249F7AC00DDCD76 /* Frameworks */ = {
			isa = PBXFrameworksBuildPhase;
			buildActionMask = 2147483647;
			files = (
				CB4810B21978F34C5B06128D /* Pods_OnTheMapUITests.framework in Frameworks */,
			);
			runOnlyForDeploymentPostprocessing = 0;
		};
/* End PBXFrameworksBuildPhase section */

/* Begin PBXGroup section */
		15EAB48F005BB547E447AF23 /* Pods */ = {
			isa = PBXGroup;
			children = (
				231A3EFD52F0794E38FC18EE /* Pods-OnTheMap.debug.xcconfig */,
				61D25E9AA8570BBEC5E85F1E /* Pods-OnTheMap.release.xcconfig */,
				194F7AA087BB495AA07D3DB4 /* Pods-OnTheMapTests.debug.xcconfig */,
				77577CD08B91FF8FB61B4638 /* Pods-OnTheMapTests.release.xcconfig */,
				632688CC07DDC9081C45D70C /* Pods-OnTheMapUITests.debug.xcconfig */,
				C1E44BBCC0D3BE3D04A2BA95 /* Pods-OnTheMapUITests.release.xcconfig */,
			);
			path = Pods;
			sourceTree = "<group>";
		};
		2AAFBD83062066222F927669 /* Frameworks */ = {
			isa = PBXGroup;
			children = (
				449D38CE3F254E560DCA402C /* Pods_OnTheMap.framework */,
				93182D62E306CE836F23945D /* Pods_OnTheMapTests.framework */,
				E18E045AF0A8F337699BB566 /* Pods_OnTheMapUITests.framework */,
			);
			name = Frameworks;
			sourceTree = "<group>";
		};
		67B41B992249F7AB00DDCD76 = {
			isa = PBXGroup;
			children = (
				67B41BA42249F7AB00DDCD76 /* OnTheMap */,
				67B41BB92249F7AC00DDCD76 /* OnTheMapTests */,
				67B41BC42249F7AC00DDCD76 /* OnTheMapUITests */,
				67B41BA32249F7AB00DDCD76 /* Products */,
				15EAB48F005BB547E447AF23 /* Pods */,
				2AAFBD83062066222F927669 /* Frameworks */,
			);
			sourceTree = "<group>";
		};
		67B41BA32249F7AB00DDCD76 /* Products */ = {
			isa = PBXGroup;
			children = (
				67B41BA22249F7AB00DDCD76 /* OnTheMap.app */,
				67B41BB62249F7AC00DDCD76 /* OnTheMapTests.xctest */,
				67B41BC12249F7AC00DDCD76 /* OnTheMapUITests.xctest */,
			);
			name = Products;
			sourceTree = "<group>";
		};
		67B41BA42249F7AB00DDCD76 /* OnTheMap */ = {
			isa = PBXGroup;
			children = (
				67B41BD82249F96F00DDCD76 /* View */,
				67B41BD72249F95A00DDCD76 /* Model */,
				67B41BD62249F95300DDCD76 /* Controller */,
				67B41BA52249F7AB00DDCD76 /* AppDelegate.swift */,
				67B41BA92249F7AB00DDCD76 /* Main.storyboard */,
				67B41BAC2249F7AC00DDCD76 /* Assets.xcassets */,
				67B41BAE2249F7AC00DDCD76 /* LaunchScreen.storyboard */,
				67B41BB12249F7AC00DDCD76 /* Info.plist */,
			);
			path = OnTheMap;
			sourceTree = "<group>";
		};
		67B41BB92249F7AC00DDCD76 /* OnTheMapTests */ = {
			isa = PBXGroup;
			children = (
				67B41BBA2249F7AC00DDCD76 /* OnTheMapTests.swift */,
				67B41BBC2249F7AC00DDCD76 /* Info.plist */,
			);
			path = OnTheMapTests;
			sourceTree = "<group>";
		};
		67B41BC42249F7AC00DDCD76 /* OnTheMapUITests */ = {
			isa = PBXGroup;
			children = (
				67B41BC52249F7AC00DDCD76 /* OnTheMapUITests.swift */,
				67B41BC72249F7AC00DDCD76 /* Info.plist */,
			);
			path = OnTheMapUITests;
			sourceTree = "<group>";
		};
		67B41BD62249F95300DDCD76 /* Controller */ = {
			isa = PBXGroup;
			children = (
				67B41BA72249F7AB00DDCD76 /* LoginViewController.swift */,
				67F9B2D7224BF48F007939AE /* MapViewController.swift */,
				67F9B2DC224C466A007939AE /* StudentTableViewController.swift */,
				67F9B2E0224C695C007939AE /* AddLocationMapViewController.swift */,
				67F9B2DE224C6680007939AE /* AddLocationViewController.swift */,
				67F9B2E2224D5A44007939AE /* UIViewControllerExtensions.swift */,
			);
			path = Controller;
			sourceTree = "<group>";
		};
		67B41BD72249F95A00DDCD76 /* Model */ = {
			isa = PBXGroup;
			children = (
				67B41BDE224AA80200DDCD76 /* Responses */,
				67B41BDB224AA59900DDCD76 /* Requests */,
				67B41BD92249FF4F00DDCD76 /* udacityClient.swift */,
				67AE2B44225CDBAA008E1D84 /* StudentInformation.swift */,
			);
			path = Model;
			sourceTree = "<group>";
		};
		67B41BD82249F96F00DDCD76 /* View */ = {
			isa = PBXGroup;
			children = (
			);
			path = View;
			sourceTree = "<group>";
		};
		67B41BDB224AA59900DDCD76 /* Requests */ = {
			isa = PBXGroup;
			children = (
				67B41BDC224AA5B800DDCD76 /* RequestSession.swift */,
				67064AC522564AE8007BBE0A /* PostLocationRequest.swift */,
			);
			path = Requests;
			sourceTree = "<group>";
		};
		67B41BDE224AA80200DDCD76 /* Responses */ = {
			isa = PBXGroup;
			children = (
				67B41BDF224AA82000DDCD76 /* UdacitySessionResponse.swift */,
				67F9B2DA224BFC9C007939AE /* StudentLocationResponse.swift */,
				672AD13C225710F300F11AC3 /* PostLocationResponse.swift */,
				67064AC72256512A007BBE0A /* UserInformationResponse.swift */,
			);
			path = Responses;
			sourceTree = "<group>";
		};
/* End PBXGroup section */

/* Begin PBXNativeTarget section */
		67B41BA12249F7AB00DDCD76 /* OnTheMap */ = {
			isa = PBXNativeTarget;
			buildConfigurationList = 67B41BCA2249F7AC00DDCD76 /* Build configuration list for PBXNativeTarget "OnTheMap" */;
			buildPhases = (
				F35C998C6998B866FDA8399E /* [CP] Check Pods Manifest.lock */,
				67B41B9E2249F7AB00DDCD76 /* Sources */,
				67B41B9F2249F7AB00DDCD76 /* Frameworks */,
				67B41BA02249F7AB00DDCD76 /* Resources */,
			);
			buildRules = (
			);
			dependencies = (
			);
			name = OnTheMap;
			productName = OnTheMap;
			productReference = 67B41BA22249F7AB00DDCD76 /* OnTheMap.app */;
			productType = "com.apple.product-type.application";
		};
		67B41BB52249F7AC00DDCD76 /* OnTheMapTests */ = {
			isa = PBXNativeTarget;
			buildConfigurationList = 67B41BCD2249F7AC00DDCD76 /* Build configuration list for PBXNativeTarget "OnTheMapTests" */;
			buildPhases = (
				F196EE65B97325257917B382 /* [CP] Check Pods Manifest.lock */,
				67B41BB22249F7AC00DDCD76 /* Sources */,
				67B41BB32249F7AC00DDCD76 /* Frameworks */,
				67B41BB42249F7AC00DDCD76 /* Resources */,
			);
			buildRules = (
			);
			dependencies = (
				67B41BB82249F7AC00DDCD76 /* PBXTargetDependency */,
			);
			name = OnTheMapTests;
			productName = OnTheMapTests;
			productReference = 67B41BB62249F7AC00DDCD76 /* OnTheMapTests.xctest */;
			productType = "com.apple.product-type.bundle.unit-test";
		};
		67B41BC02249F7AC00DDCD76 /* OnTheMapUITests */ = {
			isa = PBXNativeTarget;
			buildConfigurationList = 67B41BD02249F7AC00DDCD76 /* Build configuration list for PBXNativeTarget "OnTheMapUITests" */;
			buildPhases = (
				ADF8AF8486E0EEA8DCA2DCAC /* [CP] Check Pods Manifest.lock */,
				67B41BBD2249F7AC00DDCD76 /* Sources */,
				67B41BBE2249F7AC00DDCD76 /* Frameworks */,
				67B41BBF2249F7AC00DDCD76 /* Resources */,
			);
			buildRules = (
			);
			dependencies = (
				67B41BC32249F7AC00DDCD76 /* PBXTargetDependency */,
			);
			name = OnTheMapUITests;
			productName = OnTheMapUITests;
			productReference = 67B41BC12249F7AC00DDCD76 /* OnTheMapUITests.xctest */;
			productType = "com.apple.product-type.bundle.ui-testing";
		};
/* End PBXNativeTarget section */

/* Begin PBXProject section */
		67B41B9A2249F7AB00DDCD76 /* Project object */ = {
			isa = PBXProject;
			attributes = {
				LastSwiftUpdateCheck = 1010;
				LastUpgradeCheck = 1010;
				ORGANIZATIONNAME = JustinKnight;
				TargetAttributes = {
					67B41BA12249F7AB00DDCD76 = {
						CreatedOnToolsVersion = 10.1;
					};
					67B41BB52249F7AC00DDCD76 = {
						CreatedOnToolsVersion = 10.1;
						TestTargetID = 67B41BA12249F7AB00DDCD76;
					};
					67B41BC02249F7AC00DDCD76 = {
						CreatedOnToolsVersion = 10.1;
						TestTargetID = 67B41BA12249F7AB00DDCD76;
					};
				};
			};
			buildConfigurationList = 67B41B9D2249F7AB00DDCD76 /* Build configuration list for PBXProject "OnTheMap" */;
			compatibilityVersion = "Xcode 9.3";
			developmentRegion = en;
			hasScannedForEncodings = 0;
			knownRegions = (
				en,
				Base,
			);
			mainGroup = 67B41B992249F7AB00DDCD76;
			productRefGroup = 67B41BA32249F7AB00DDCD76 /* Products */;
			projectDirPath = "";
			projectRoot = "";
			targets = (
				67B41BA12249F7AB00DDCD76 /* OnTheMap */,
				67B41BB52249F7AC00DDCD76 /* OnTheMapTests */,
				67B41BC02249F7AC00DDCD76 /* OnTheMapUITests */,
			);
		};
/* End PBXProject section */

/* Begin PBXResourcesBuildPhase section */
		67B41BA02249F7AB00DDCD76 /* Resources */ = {
			isa = PBXResourcesBuildPhase;
			buildActionMask = 2147483647;
			files = (
				67B41BB02249F7AC00DDCD76 /* LaunchScreen.storyboard in Resources */,
				67B41BAD2249F7AC00DDCD76 /* Assets.xcassets in Resources */,
				67B41BAB2249F7AB00DDCD76 /* Main.storyboard in Resources */,
			);
			runOnlyForDeploymentPostprocessing = 0;
		};
		67B41BB42249F7AC00DDCD76 /* Resources */ = {
			isa = PBXResourcesBuildPhase;
			buildActionMask = 2147483647;
			files = (
			);
			runOnlyForDeploymentPostprocessing = 0;
		};
		67B41BBF2249F7AC00DDCD76 /* Resources */ = {
			isa = PBXResourcesBuildPhase;
			buildActionMask = 2147483647;
			files = (
			);
			runOnlyForDeploymentPostprocessing = 0;
		};
/* End PBXResourcesBuildPhase section */

/* Begin PBXShellScriptBuildPhase section */
		ADF8AF8486E0EEA8DCA2DCAC /* [CP] Check Pods Manifest.lock */ = {
			isa = PBXShellScriptBuildPhase;
			buildActionMask = 2147483647;
			files = (
			);
			inputFileListPaths = (
			);
			inputPaths = (
				"${PODS_PODFILE_DIR_PATH}/Podfile.lock",
				"${PODS_ROOT}/Manifest.lock",
			);
			name = "[CP] Check Pods Manifest.lock";
			outputFileListPaths = (
			);
			outputPaths = (
				"$(DERIVED_FILE_DIR)/Pods-OnTheMapUITests-checkManifestLockResult.txt",
			);
			runOnlyForDeploymentPostprocessing = 0;
			shellPath = /bin/sh;
			shellScript = "diff \"${PODS_PODFILE_DIR_PATH}/Podfile.lock\" \"${PODS_ROOT}/Manifest.lock\" > /dev/null\nif [ $? != 0 ] ; then\n    # print error to STDERR\n    echo \"error: The sandbox is not in sync with the Podfile.lock. Run 'pod install' or update your CocoaPods installation.\" >&2\n    exit 1\nfi\n# This output is used by Xcode 'outputs' to avoid re-running this script phase.\necho \"SUCCESS\" > \"${SCRIPT_OUTPUT_FILE_0}\"\n";
			showEnvVarsInLog = 0;
		};
		F196EE65B97325257917B382 /* [CP] Check Pods Manifest.lock */ = {
			isa = PBXShellScriptBuildPhase;
			buildActionMask = 2147483647;
			files = (
			);
			inputFileListPaths = (
			);
			inputPaths = (
				"${PODS_PODFILE_DIR_PATH}/Podfile.lock",
				"${PODS_ROOT}/Manifest.lock",
			);
			name = "[CP] Check Pods Manifest.lock";
			outputFileListPaths = (
			);
			outputPaths = (
				"$(DERIVED_FILE_DIR)/Pods-OnTheMapTests-checkManifestLockResult.txt",
			);
			runOnlyForDeploymentPostprocessing = 0;
			shellPath = /bin/sh;
			shellScript = "diff \"${PODS_PODFILE_DIR_PATH}/Podfile.lock\" \"${PODS_ROOT}/Manifest.lock\" > /dev/null\nif [ $? != 0 ] ; then\n    # print error to STDERR\n    echo \"error: The sandbox is not in sync with the Podfile.lock. Run 'pod install' or update your CocoaPods installation.\" >&2\n    exit 1\nfi\n# This output is used by Xcode 'outputs' to avoid re-running this script phase.\necho \"SUCCESS\" > \"${SCRIPT_OUTPUT_FILE_0}\"\n";
			showEnvVarsInLog = 0;
		};
		F35C998C6998B866FDA8399E /* [CP] Check Pods Manifest.lock */ = {
			isa = PBXShellScriptBuildPhase;
			buildActionMask = 2147483647;
			files = (
			);
			inputFileListPaths = (
			);
			inputPaths = (
				"${PODS_PODFILE_DIR_PATH}/Podfile.lock",
				"${PODS_ROOT}/Manifest.lock",
			);
			name = "[CP] Check Pods Manifest.lock";
			outputFileListPaths = (
			);
			outputPaths = (
				"$(DERIVED_FILE_DIR)/Pods-OnTheMap-checkManifestLockResult.txt",
			);
			runOnlyForDeploymentPostprocessing = 0;
			shellPath = /bin/sh;
			shellScript = "diff \"${PODS_PODFILE_DIR_PATH}/Podfile.lock\" \"${PODS_ROOT}/Manifest.lock\" > /dev/null\nif [ $? != 0 ] ; then\n    # print error to STDERR\n    echo \"error: The sandbox is not in sync with the Podfile.lock. Run 'pod install' or update your CocoaPods installation.\" >&2\n    exit 1\nfi\n# This output is used by Xcode 'outputs' to avoid re-running this script phase.\necho \"SUCCESS\" > \"${SCRIPT_OUTPUT_FILE_0}\"\n";
			showEnvVarsInLog = 0;
		};
/* End PBXShellScriptBuildPhase section */

/* Begin PBXSourcesBuildPhase section */
		67B41B9E2249F7AB00DDCD76 /* Sources */ = {
			isa = PBXSourcesBuildPhase;
			buildActionMask = 2147483647;
			files = (
				67B41BDD224AA5B800DDCD76 /* RequestSession.swift in Sources */,
				67F9B2E3224D5A44007939AE /* UIViewControllerExtensions.swift in Sources */,
				67F9B2D8224BF48F007939AE /* MapViewController.swift in Sources */,
				67AE2B45225CDBAA008E1D84 /* StudentInformation.swift in Sources */,
				67064AC82256512A007BBE0A /* UserInformationResponse.swift in Sources */,
				67F9B2E1224C695C007939AE /* AddLocationMapViewController.swift in Sources */,
				67064AC622564AE8007BBE0A /* PostLocationRequest.swift in Sources */,
				67B41BDA2249FF4F00DDCD76 /* udacityClient.swift in Sources */,
				672AD13D225710F300F11AC3 /* PostLocationResponse.swift in Sources */,
				67F9B2DD224C466A007939AE /* StudentTableViewController.swift in Sources */,
				67F9B2DF224C6680007939AE /* AddLocationViewController.swift in Sources */,
				67F9B2DB224BFC9C007939AE /* StudentLocationResponse.swift in Sources */,
				67B41BA82249F7AB00DDCD76 /* LoginViewController.swift in Sources */,
				67B41BE0224AA82000DDCD76 /* UdacitySessionResponse.swift in Sources */,
				67B41BA62249F7AB00DDCD76 /* AppDelegate.swift in Sources */,
			);
			runOnlyForDeploymentPostprocessing = 0;
		};
		67B41BB22249F7AC00DDCD76 /* Sources */ = {
			isa = PBXSourcesBuildPhase;
			buildActionMask = 2147483647;
			files = (
				67B41BBB2249F7AC00DDCD76 /* OnTheMapTests.swift in Sources */,
			);
			runOnlyForDeploymentPostprocessing = 0;
		};
		67B41BBD2249F7AC00DDCD76 /* Sources */ = {
			isa = PBXSourcesBuildPhase;
			buildActionMask = 2147483647;
			files = (
				67B41BC62249F7AC00DDCD76 /* OnTheMapUITests.swift in Sources */,
			);
			runOnlyForDeploymentPostprocessing = 0;
		};
/* End PBXSourcesBuildPhase section */

/* Begin PBXTargetDependency section */
		67B41BB82249F7AC00DDCD76 /* PBXTargetDependency */ = {
			isa = PBXTargetDependency;
			target = 67B41BA12249F7AB00DDCD76 /* OnTheMap */;
			targetProxy = 67B41BB72249F7AC00DDCD76 /* PBXContainerItemProxy */;
		};
		67B41BC32249F7AC00DDCD76 /* PBXTargetDependency */ = {
			isa = PBXTargetDependency;
			target = 67B41BA12249F7AB00DDCD76 /* OnTheMap */;
			targetProxy = 67B41BC22249F7AC00DDCD76 /* PBXContainerItemProxy */;
		};
/* End PBXTargetDependency section */

/* Begin PBXVariantGroup section */
		67B41BA92249F7AB00DDCD76 /* Main.storyboard */ = {
			isa = PBXVariantGroup;
			children = (
				67B41BAA2249F7AB00DDCD76 /* Base */,
			);
			name = Main.storyboard;
			sourceTree = "<group>";
		};
		67B41BAE2249F7AC00DDCD76 /* LaunchScreen.storyboard */ = {
			isa = PBXVariantGroup;
			children = (
				67B41BAF2249F7AC00DDCD76 /* Base */,
			);
			name = LaunchScreen.storyboard;
			sourceTree = "<group>";
		};
/* End PBXVariantGroup section */

/* Begin XCBuildConfiguration section */
		67B41BC82249F7AC00DDCD76 /* Debug */ = {
			isa = XCBuildConfiguration;
			buildSettings = {
				ALWAYS_SEARCH_USER_PATHS = NO;
				CLANG_ANALYZER_NONNULL = YES;
				CLANG_ANALYZER_NUMBER_OBJECT_CONVERSION = YES_AGGRESSIVE;
				CLANG_CXX_LANGUAGE_STANDARD = "gnu++14";
				CLANG_CXX_LIBRARY = "libc++";
				CLANG_ENABLE_MODULES = YES;
				CLANG_ENABLE_OBJC_ARC = YES;
				CLANG_ENABLE_OBJC_WEAK = YES;
				CLANG_WARN_BLOCK_CAPTURE_AUTORELEASING = YES;
				CLANG_WARN_BOOL_CONVERSION = YES;
				CLANG_WARN_COMMA = YES;
				CLANG_WARN_CONSTANT_CONVERSION = YES;
				CLANG_WARN_DEPRECATED_OBJC_IMPLEMENTATIONS = YES;
				CLANG_WARN_DIRECT_OBJC_ISA_USAGE = YES_ERROR;
				CLANG_WARN_DOCUMENTATION_COMMENTS = YES;
				CLANG_WARN_EMPTY_BODY = YES;
				CLANG_WARN_ENUM_CONVERSION = YES;
				CLANG_WARN_INFINITE_RECURSION = YES;
				CLANG_WARN_INT_CONVERSION = YES;
				CLANG_WARN_NON_LITERAL_NULL_CONVERSION = YES;
				CLANG_WARN_OBJC_IMPLICIT_RETAIN_SELF = YES;
				CLANG_WARN_OBJC_LITERAL_CONVERSION = YES;
				CLANG_WARN_OBJC_ROOT_CLASS = YES_ERROR;
				CLANG_WARN_RANGE_LOOP_ANALYSIS = YES;
				CLANG_WARN_STRICT_PROTOTYPES = YES;
				CLANG_WARN_SUSPICIOUS_MOVE = YES;
				CLANG_WARN_UNGUARDED_AVAILABILITY = YES_AGGRESSIVE;
				CLANG_WARN_UNREACHABLE_CODE = YES;
				CLANG_WARN__DUPLICATE_METHOD_MATCH = YES;
				CODE_SIGN_IDENTITY = "iPhone Developer";
				COPY_PHASE_STRIP = NO;
				DEBUG_INFORMATION_FORMAT = dwarf;
				ENABLE_STRICT_OBJC_MSGSEND = YES;
				ENABLE_TESTABILITY = YES;
				GCC_C_LANGUAGE_STANDARD = gnu11;
				GCC_DYNAMIC_NO_PIC = NO;
				GCC_NO_COMMON_BLOCKS = YES;
				GCC_OPTIMIZATION_LEVEL = 0;
				GCC_PREPROCESSOR_DEFINITIONS = (
					"DEBUG=1",
					"$(inherited)",
				);
				GCC_WARN_64_TO_32_BIT_CONVERSION = YES;
				GCC_WARN_ABOUT_RETURN_TYPE = YES_ERROR;
				GCC_WARN_UNDECLARED_SELECTOR = YES;
				GCC_WARN_UNINITIALIZED_AUTOS = YES_AGGRESSIVE;
				GCC_WARN_UNUSED_FUNCTION = YES;
				GCC_WARN_UNUSED_VARIABLE = YES;
				IPHONEOS_DEPLOYMENT_TARGET = 12.1;
				MTL_ENABLE_DEBUG_INFO = INCLUDE_SOURCE;
				MTL_FAST_MATH = YES;
				ONLY_ACTIVE_ARCH = YES;
				SDKROOT = iphoneos;
				SWIFT_ACTIVE_COMPILATION_CONDITIONS = DEBUG;
				SWIFT_OPTIMIZATION_LEVEL = "-Onone";
			};
			name = Debug;
		};
		67B41BC92249F7AC00DDCD76 /* Release */ = {
			isa = XCBuildConfiguration;
			buildSettings = {
				ALWAYS_SEARCH_USER_PATHS = NO;
				CLANG_ANALYZER_NONNULL = YES;
				CLANG_ANALYZER_NUMBER_OBJECT_CONVERSION = YES_AGGRESSIVE;
				CLANG_CXX_LANGUAGE_STANDARD = "gnu++14";
				CLANG_CXX_LIBRARY = "libc++";
				CLANG_ENABLE_MODULES = YES;
				CLANG_ENABLE_OBJC_ARC = YES;
				CLANG_ENABLE_OBJC_WEAK = YES;
				CLANG_WARN_BLOCK_CAPTURE_AUTORELEASING = YES;
				CLANG_WARN_BOOL_CONVERSION = YES;
				CLANG_WARN_COMMA = YES;
				CLANG_WARN_CONSTANT_CONVERSION = YES;
				CLANG_WARN_DEPRECATED_OBJC_IMPLEMENTATIONS = YES;
				CLANG_WARN_DIRECT_OBJC_ISA_USAGE = YES_ERROR;
				CLANG_WARN_DOCUMENTATION_COMMENTS = YES;
				CLANG_WARN_EMPTY_BODY = YES;
				CLANG_WARN_ENUM_CONVERSION = YES;
				CLANG_WARN_INFINITE_RECURSION = YES;
				CLANG_WARN_INT_CONVERSION = YES;
				CLANG_WARN_NON_LITERAL_NULL_CONVERSION = YES;
				CLANG_WARN_OBJC_IMPLICIT_RETAIN_SELF = YES;
				CLANG_WARN_OBJC_LITERAL_CONVERSION = YES;
				CLANG_WARN_OBJC_ROOT_CLASS = YES_ERROR;
				CLANG_WARN_RANGE_LOOP_ANALYSIS = YES;
				CLANG_WARN_STRICT_PROTOTYPES = YES;
				CLANG_WARN_SUSPICIOUS_MOVE = YES;
				CLANG_WARN_UNGUARDED_AVAILABILITY = YES_AGGRESSIVE;
				CLANG_WARN_UNREACHABLE_CODE = YES;
				CLANG_WARN__DUPLICATE_METHOD_MATCH = YES;
				CODE_SIGN_IDENTITY = "iPhone Developer";
				COPY_PHASE_STRIP = NO;
				DEBUG_INFORMATION_FORMAT = "dwarf-with-dsym";
				ENABLE_NS_ASSERTIONS = NO;
				ENABLE_STRICT_OBJC_MSGSEND = YES;
				GCC_C_LANGUAGE_STANDARD = gnu11;
				GCC_NO_COMMON_BLOCKS = YES;
				GCC_WARN_64_TO_32_BIT_CONVERSION = YES;
				GCC_WARN_ABOUT_RETURN_TYPE = YES_ERROR;
				GCC_WARN_UNDECLARED_SELECTOR = YES;
				GCC_WARN_UNINITIALIZED_AUTOS = YES_AGGRESSIVE;
				GCC_WARN_UNUSED_FUNCTION = YES;
				GCC_WARN_UNUSED_VARIABLE = YES;
				IPHONEOS_DEPLOYMENT_TARGET = 12.1;
				MTL_ENABLE_DEBUG_INFO = NO;
				MTL_FAST_MATH = YES;
				SDKROOT = iphoneos;
				SWIFT_COMPILATION_MODE = wholemodule;
				SWIFT_OPTIMIZATION_LEVEL = "-O";
				VALIDATE_PRODUCT = YES;
			};
			name = Release;
		};
		67B41BCB2249F7AC00DDCD76 /* Debug */ = {
			isa = XCBuildConfiguration;
			baseConfigurationReference = 231A3EFD52F0794E38FC18EE /* Pods-OnTheMap.debug.xcconfig */;
			buildSettings = {
				ASSETCATALOG_COMPILER_APPICON_NAME = AppIcon;
				CODE_SIGN_STYLE = Automatic;
				INFOPLIST_FILE = OnTheMap/Info.plist;
				LD_RUNPATH_SEARCH_PATHS = (
					"$(inherited)",
					"@executable_path/Frameworks",
				);
				PRODUCT_BUNDLE_IDENTIFIER = com.JustinKnight.OnTheMap;
				PRODUCT_NAME = "$(TARGET_NAME)";
				SWIFT_VERSION = 4.2;
				TARGETED_DEVICE_FAMILY = "1,2";
			};
			name = Debug;
		};
		67B41BCC2249F7AC00DDCD76 /* Release */ = {
			isa = XCBuildConfiguration;
			baseConfigurationReference = 61D25E9AA8570BBEC5E85F1E /* Pods-OnTheMap.release.xcconfig */;
			buildSettings = {
				ASSETCATALOG_COMPILER_APPICON_NAME = AppIcon;
				CODE_SIGN_STYLE = Automatic;
				INFOPLIST_FILE = OnTheMap/Info.plist;
				LD_RUNPATH_SEARCH_PATHS = (
					"$(inherited)",
					"@executable_path/Frameworks",
				);
				PRODUCT_BUNDLE_IDENTIFIER = com.JustinKnight.OnTheMap;
				PRODUCT_NAME = "$(TARGET_NAME)";
				SWIFT_VERSION = 4.2;
				TARGETED_DEVICE_FAMILY = "1,2";
			};
			name = Release;
		};
		67B41BCE2249F7AC00DDCD76 /* Debug */ = {
			isa = XCBuildConfiguration;
			baseConfigurationReference = 194F7AA087BB495AA07D3DB4 /* Pods-OnTheMapTests.debug.xcconfig */;
			buildSettings = {
				ALWAYS_EMBED_SWIFT_STANDARD_LIBRARIES = YES;
				BUNDLE_LOADER = "$(TEST_HOST)";
				CODE_SIGN_STYLE = Automatic;
				INFOPLIST_FILE = OnTheMapTests/Info.plist;
				LD_RUNPATH_SEARCH_PATHS = (
					"$(inherited)",
					"@executable_path/Frameworks",
					"@loader_path/Frameworks",
				);
				PRODUCT_BUNDLE_IDENTIFIER = com.JustinKnight.OnTheMapTests;
				PRODUCT_NAME = "$(TARGET_NAME)";
				SWIFT_VERSION = 4.2;
				TARGETED_DEVICE_FAMILY = "1,2";
				TEST_HOST = "$(BUILT_PRODUCTS_DIR)/OnTheMap.app/OnTheMap";
			};
			name = Debug;
		};
		67B41BCF2249F7AC00DDCD76 /* Release */ = {
			isa = XCBuildConfiguration;
			baseConfigurationReference = 77577CD08B91FF8FB61B4638 /* Pods-OnTheMapTests.release.xcconfig */;
			buildSettings = {
				ALWAYS_EMBED_SWIFT_STANDARD_LIBRARIES = YES;
				BUNDLE_LOADER = "$(TEST_HOST)";
				CODE_SIGN_STYLE = Automatic;
				INFOPLIST_FILE = OnTheMapTests/Info.plist;
				LD_RUNPATH_SEARCH_PATHS = (
					"$(inherited)",
					"@executable_path/Frameworks",
					"@loader_path/Frameworks",
				);
				PRODUCT_BUNDLE_IDENTIFIER = com.JustinKnight.OnTheMapTests;
				PRODUCT_NAME = "$(TARGET_NAME)";
				SWIFT_VERSION = 4.2;
				TARGETED_DEVICE_FAMILY = "1,2";
				TEST_HOST = "$(BUILT_PRODUCTS_DIR)/OnTheMap.app/OnTheMap";
			};
			name = Release;
		};
		67B41BD12249F7AC00DDCD76 /* Debug */ = {
			isa = XCBuildConfiguration;
			baseConfigurationReference = 632688CC07DDC9081C45D70C /* Pods-OnTheMapUITests.debug.xcconfig */;
			buildSettings = {
				ALWAYS_EMBED_SWIFT_STANDARD_LIBRARIES = YES;
				CODE_SIGN_STYLE = Automatic;
				INFOPLIST_FILE = OnTheMapUITests/Info.plist;
				LD_RUNPATH_SEARCH_PATHS = (
					"$(inherited)",
					"@executable_path/Frameworks",
					"@loader_path/Frameworks",
				);
				PRODUCT_BUNDLE_IDENTIFIER = com.JustinKnight.OnTheMapUITests;
				PRODUCT_NAME = "$(TARGET_NAME)";
				SWIFT_VERSION = 4.2;
				TARGETED_DEVICE_FAMILY = "1,2";
				TEST_TARGET_NAME = OnTheMap;
			};
			name = Debug;
		};
		67B41BD22249F7AC00DDCD76 /* Release */ = {
			isa = XCBuildConfiguration;
			baseConfigurationReference = C1E44BBCC0D3BE3D04A2BA95 /* Pods-OnTheMapUITests.release.xcconfig */;
			buildSettings = {
				ALWAYS_EMBED_SWIFT_STANDARD_LIBRARIES = YES;
				CODE_SIGN_STYLE = Automatic;
				INFOPLIST_FILE = OnTheMapUITests/Info.plist;
				LD_RUNPATH_SEARCH_PATHS = (
					"$(inherited)",
					"@executable_path/Frameworks",
					"@loader_path/Frameworks",
				);
				PRODUCT_BUNDLE_IDENTIFIER = com.JustinKnight.OnTheMapUITests;
				PRODUCT_NAME = "$(TARGET_NAME)";
				SWIFT_VERSION = 4.2;
				TARGETED_DEVICE_FAMILY = "1,2";
				TEST_TARGET_NAME = OnTheMap;
			};
			name = Release;
		};
/* End XCBuildConfiguration section */

/* Begin XCConfigurationList section */
		67B41B9D2249F7AB00DDCD76 /* Build configuration list for PBXProject "OnTheMap" */ = {
			isa = XCConfigurationList;
			buildConfigurations = (
				67B41BC82249F7AC00DDCD76 /* Debug */,
				67B41BC92249F7AC00DDCD76 /* Release */,
			);
			defaultConfigurationIsVisible = 0;
			defaultConfigurationName = Release;
		};
		67B41BCA2249F7AC00DDCD76 /* Build configuration list for PBXNativeTarget "OnTheMap" */ = {
			isa = XCConfigurationList;
			buildConfigurations = (
				67B41BCB2249F7AC00DDCD76 /* Debug */,
				67B41BCC2249F7AC00DDCD76 /* Release */,
			);
			defaultConfigurationIsVisible = 0;
			defaultConfigurationName = Release;
		};
		67B41BCD2249F7AC00DDCD76 /* Build configuration list for PBXNativeTarget "OnTheMapTests" */ = {
			isa = XCConfigurationList;
			buildConfigurations = (
				67B41BCE2249F7AC00DDCD76 /* Debug */,
				67B41BCF2249F7AC00DDCD76 /* Release */,
			);
			defaultConfigurationIsVisible = 0;
			defaultConfigurationName = Release;
		};
		67B41BD02249F7AC00DDCD76 /* Build configuration list for PBXNativeTarget "OnTheMapUITests" */ = {
			isa = XCConfigurationList;
			buildConfigurations = (
				67B41BD12249F7AC00DDCD76 /* Debug */,
				67B41BD22249F7AC00DDCD76 /* Release */,
			);
			defaultConfigurationIsVisible = 0;
			defaultConfigurationName = Release;
		};
/* End XCConfigurationList section */
	};
	rootObject = 67B41B9A2249F7AB00DDCD76 /* Project object */;
}
